<?xml version="1.0" encoding="UTF-8" standalone="yes" ?>
<CodeBlocks_project_file>
	<FileVersion major="1" minor="6" />
	<Project>
		<Option title="Simulateur3D" />
		<Option compiler="gcc" />
		<Build>
			<Target title="simu-win">
				<Option output="bin\simu3D" prefix_auto="1" extension_auto="1" />
				<Option working_dir="bin\" />
				<Option object_output="bin\objs" />
				<Option type="1" />
				<Option compiler="gcc" />
				<Compiler>
					<Add option="-Os" />
					<Add option="-O3" />
					<Add directory="lib\win32\bullet\src" />
					<Add directory="lib\win32\Ogre-1.8\src" />
					<Add directory="lib\win32\Ogre-1.8\src\OgreMain\include" />
					<Add directory="lib\win32\Ogre-1.8\src\OgreMain\include\WIN32" />
					<Add directory="lib\win32\GameKit\OgreKit\include" />
					<Add directory="lib\win32\GameKit\OgreKit\include\AI" />
					<Add directory="lib\win32\GameKit\Dependencies\src\FreeType\include" />
					<Add directory="lib\win32\GameKit\Dependencies\src\FreeImage\ZLib" />
					<Add directory="lib\win32\GameKit\Dependencies\src\OIS\include" />
					<Add directory="lib\win32\GameKit\Dependencies\src\GameKit\Utils" />
					<Add directory="lib\win32\GameKit\Dependencies\src\GameKit\AnimKit" />
					<Add directory="lib\win32\GameKit\Tools\FileTools\File" />
					<Add directory="lib\win32\GameKit\Tools\FileTools\FileFormats\Blend" />
					<Add directory="lib\win32\GameKit\Dependencies\src\OpenAL" />
					<Add directory="lib\win32\GameKit\Dependencies\src\Codecs\include" />
					<Add directory="lib\win32\GameKit\Dependencies\src\Lua\lua" />
				</Compiler>
				<Linker>
					<Add option="-s" />
					<Add option="-lOgreKitCore" />
					<Add option="-lPlugin_ParticleFXStatic" />
					<Add option="-lRenderSystem_GLStatic" />
					<Add option="-lOgreMainStatic" />
					<Add option="-lFreeImage" />
					<Add option="-lfreetype" />
					<Add option="-lGameKitUtils" />
					<Add option="-lOIS" />
					<Add option="-lAnimKit" />
					<Add option="-lfbtFile" />
					<Add option="-lbfBlend" />
					<Add option="-lZLib" />
					<Add option="-lOpenAL" />
					<Add option="-lOggVorbis" />
					<Add option="-lLua" />
					<Add option="-lws2_32" />
					<Add option="-lBulletDynamics" />
					<Add option="-lBulletCollision" />
					<Add option="-lBulletSoftBody" />
					<Add option="-lLinearMath" />
					<Add option="-lopengl32" />
					<Add option="-lglu32" />
					<Add option="-lkernel32" />
					<Add option="-luser32" />
					<Add option="-lgdi32" />
					<Add option="-lwinspool" />
					<Add option="-lshell32" />
					<Add option="-lole32" />
					<Add option="-loleaut32" />
					<Add option="-luuid" />
					<Add option="-lcomdlg32" />
					<Add option="-ladvapi32" />
					<Add directory="lib\win32\bullet\lib" />
					<Add directory="lib\win32\GameKit\Dependencies\lib" />
					<Add directory="lib\win32\GameKit\OgreKit\lib" />
					<Add directory="lib\win32\GameKit\Tools\lib" />
					<Add directory="lib\win32\Ogre-1.8\lib" />
				</Linker>
			</Target>
			<Target title="simu-lin">
				<Option output="bin\simu3D" prefix_auto="1" extension_auto="1" />
				<Option working_dir="bin\" />
				<Option object_output="bin\objs" />
				<Option type="1" />
				<Option compiler="gcc" />
				<Compiler>
					<Add directory="lib\bullet\src" />
					<Add directory="lib\Ogre-1.8\OgreMain\include" />
					<Add directory="lib\GameKit\Engine\Animation" />
					<Add directory="lib\GameKit\Engine" />
					<Add directory="lib\Settings" />
					<Add directory="lib\GameKit\Dependencies\src" />
				</Compiler>
				<Linker>
					<Add option="-lOgreKitCore" />
					<Add option="-lPlugin_ParticleFXStatic" />
					<Add option="-lRenderSystem_GLStatic" />
					<Add option="-lOgreMainStatic" />
					<Add option="-lFreeImage" />
					<Add option="-lfreetype" />
					<Add option="-lGameKitUtils" />
					<Add option="-lOIS" />
					<Add option="-lAnimKit" />
					<Add option="-lfbtFile" />
					<Add option="-lbfBlend" />
					<Add option="-lZLib" />
					<Add option="-lLua" />
					<Add option="-lXrandr" />
					<Add option="-lSM" />
					<Add option="-lICE" />
					<Add option="-lX11" />
					<Add option="-lXext" />
					<Add option="-lXt" />
					<Add option="-lXaw" />
					<Add option="-lpthread" />
					<Add option="-ldl" />
					<Add option="-lBulletDynamics" />
					<Add option="-lBulletCollision" />
					<Add option="-lBulletSoftBody" />
					<Add option="-lLinearMath" />
					<Add option="-lGL" />
					<Add option="-lGLU" />
					<Add directory="lib\libs" />
				</Linker>
			</Target>
			<Target title="simu-win-dbg">
				<Option output="bin\simu3D" prefix_auto="1" extension_auto="1" />
				<Option working_dir="bin\" />
				<Option object_output="bin\objs" />
				<Option type="1" />
				<Option compiler="gcc" />
				<Compiler>
					<Add option="-Wall" />
					<Add option="-g" />
					<Add directory="lib\win32\bullet\src" />
					<Add directory="lib\win32\Ogre-1.8\src" />
					<Add directory="lib\win32\Ogre-1.8\src\OgreMain\include" />
					<Add directory="lib\win32\Ogre-1.8\src\OgreMain\include\WIN32" />
					<Add directory="lib\win32\GameKit\OgreKit\include" />
					<Add directory="lib\win32\GameKit\OgreKit\include\AI" />
					<Add directory="lib\win32\GameKit\Dependencies\src\FreeType\include" />
					<Add directory="lib\win32\GameKit\Dependencies\src\FreeImage\ZLib" />
					<Add directory="lib\win32\GameKit\Dependencies\src\OIS\include" />
					<Add directory="lib\win32\GameKit\Dependencies\src\GameKit\Utils" />
					<Add directory="lib\win32\GameKit\Dependencies\src\GameKit\AnimKit" />
					<Add directory="lib\win32\GameKit\Tools\FileTools\File" />
					<Add directory="lib\win32\GameKit\Tools\FileTools\FileFormats\Blend" />
					<Add directory="lib\win32\GameKit\Dependencies\src\OpenAL" />
					<Add directory="lib\win32\GameKit\Dependencies\src\Codecs\include" />
					<Add directory="lib\win32\GameKit\Dependencies\src\Lua\lua" />
				</Compiler>
				<Linker>
					<Add option="-lOgreKitCore" />
					<Add option="-lPlugin_ParticleFXStatic" />
					<Add option="-lRenderSystem_GLStatic" />
					<Add option="-lOgreMainStatic" />
					<Add option="-lFreeImage" />
					<Add option="-lfreetype" />
					<Add option="-lGameKitUtils" />
					<Add option="-lOIS" />
					<Add option="-lAnimKit" />
					<Add option="-lfbtFile" />
					<Add option="-lbfBlend" />
					<Add option="-lZLib" />
					<Add option="-lOpenAL" />
					<Add option="-lOggVorbis" />
					<Add option="-lLua" />
					<Add option="-lws2_32" />
					<Add option="-lBulletDynamics" />
					<Add option="-lBulletCollision" />
					<Add option="-lBulletSoftBody" />
					<Add option="-lLinearMath" />
					<Add option="-lopengl32" />
					<Add option="-lglu32" />
					<Add option="-lkernel32" />
					<Add option="-luser32" />
					<Add option="-lgdi32" />
					<Add option="-lwinspool" />
					<Add option="-lshell32" />
					<Add option="-lole32" />
					<Add option="-loleaut32" />
					<Add option="-luuid" />
					<Add option="-lcomdlg32" />
					<Add option="-ladvapi32" />
					<Add directory="lib\win32\bullet\lib" />
					<Add directory="lib\win32\GameKit\Dependencies\lib" />
					<Add directory="lib\win32\GameKit\OgreKit\lib" />
					<Add directory="lib\win32\GameKit\Tools\lib" />
					<Add directory="lib\win32\Ogre-1.8\lib" />
				</Linker>
			</Target>
		</Build>
		<Unit filename="Main.cpp" />
		<Unit filename="Robot.cpp" />
		<Unit filename="Robot.h" />
		<Unit filename="Window.cpp" />
		<Unit filename="Window.h" />
		<Unit filename="gkRobot.cpp" />
		<Unit filename="gkRobot.h" />
		<Unit filename="gkVehicleNode.cpp" />
		<Unit filename="gkVehicleNode.h" />
		<Extensions>
			<code_completion />
			<envvars />
			<debugger />
		</Extensions>
	</Project>
</CodeBlocks_project_file>
