<?xml version="1.0" encoding="UTF-8" standalone="yes" ?>
<CodeBlocks_project_file>
	<FileVersion major="1" minor="6" />
	<Project>
		<Option title="Simulateur3D" />
		<Option compiler="gcc" />
		<Build>
			<Target title="simu">
				<Option output="bin\simu3D" prefix_auto="1" extension_auto="1" />
				<Option working_dir="bin\" />
				<Option object_output="bin\objs" />
				<Option type="1" />
				<Option compiler="gcc" />
				<Compiler>
					<Add directory="lib\bullet\src" />
					<Add directory="lib\Ogre-1.8\src" />
					<Add directory="lib\Ogre-1.8\src\OgreMain\include" />
					<Add directory="lib\Ogre-1.8\src\OgreMain\include\WIN32" />
					<Add directory="lib\GameKit\OgreKit\include" />
					<Add directory="lib\GameKit\OgreKit\include\AI" />
					<Add directory="lib\GameKit\Dependencies\src\FreeType\include" />
					<Add directory="lib\GameKit\Dependencies\src\FreeImage\ZLib" />
					<Add directory="lib\GameKit\Dependencies\src\OIS\include" />
					<Add directory="lib\GameKit\Dependencies\src\GameKit\Utils" />
					<Add directory="lib\GameKit\Dependencies\src\GameKit\AnimKit" />
					<Add directory="lib\GameKit\Tools\FileTools\File" />
					<Add directory="lib\GameKit\Tools\FileTools\FileFormats\Blend" />
					<Add directory="lib\GameKit\Dependencies\src\OpenAL" />
					<Add directory="lib\GameKit\Dependencies\src\Codecs\include" />
					<Add directory="lib\GameKit\Dependencies\src\Lua\lua" />
				</Compiler>
				<Linker>
					<Add library="OgreKitCore" />
					<Add library="OgreMainStatic" />
					<Add library="FreeImage" />
					<Add library="freetype" />
					<Add library="RenderSystem_GLStatic" />
					<Add library="GameKitUtils" />
					<Add library="OIS" />
					<Add library="ZLib" />
					<Add library="AnimKit" />
					<Add library="fbtFile" />
					<Add library="bfBlend" />
					<Add library="OpenAL" />
					<Add library="OggVorbis" />
					<Add library="Lua" />
					<Add library="ZLib" />
					<Add library="Plugin_ParticleFXStatic" />
					<Add library="OgreMainStatic" />
					<Add library="FreeImage" />
					<Add library="freetype" />
					<Add library="ws2_32" />
					<Add library="BulletDynamics" />
					<Add library="BulletCollision" />
					<Add library="BulletSoftBody" />
					<Add library="LinearMath" />
					<Add library="opengl32" />
					<Add library="glu32" />
					<Add library="kernel32" />
					<Add library="user32" />
					<Add library="gdi32" />
					<Add library="winspool" />
					<Add library="shell32" />
					<Add library="ole32" />
					<Add library="oleaut32" />
					<Add library="uuid" />
					<Add library="comdlg32" />
					<Add library="advapi32" />
					<Add directory="lib\GameKit\OgreKit\lib" />
					<Add directory="lib\Ogre-1.8\lib" />
					<Add directory="lib\bullet\lib" />
					<Add directory="lib\GameKit\Dependencies\lib" />
					<Add directory="lib\GameKit\Tools\lib" />
				</Linker>
			</Target>
		</Build>
		<Unit filename="Main.cpp" />
		<Unit filename="gkBulletSerializeNode.cpp" />
		<Unit filename="gkBulletSerializeNode.h" />
		<Unit filename="gkLogic.cpp" />
		<Unit filename="gkLogic.h" />
		<Unit filename="gkRobot.cpp" />
		<Unit filename="gkRobot.h" />
		<Unit filename="gkVehicle.cpp" />
		<Unit filename="gkVehicle.h" />
		<Unit filename="gkVehicleNode.cpp" />
		<Unit filename="gkVehicleNode.h" />
		<Extensions>
			<code_completion />
			<envvars />
			<debugger />
		</Extensions>
	</Project>
</CodeBlocks_project_file>
